
Microsoft Visual Studio Solution File, Format Version 12.00
# Visual Studio 14
VisualStudioVersion = 14.0.25420.1
MinimumVisualStudioVersion = 10.0.40219.1
Project("{FAE04EC0-301F-11D3-BF4B-00C04F79EFBC}") = "01HelloVilag", "01HelloVilag\01HelloVilag.csproj", "{5732D9F3-B96C-4FFE-AAFE-0296559B4AD7}"
EndProject
Project("{FAE04EC0-301F-11D3-BF4B-00C04F79EFBC}") = "02Receptek", "02Receptek\02Receptek.csproj", "{3D29C93F-AE17-4892-B1D7-471FABE47CBB}"
EndProject
Project("{FAE04EC0-301F-11D3-BF4B-00C04F79EFBC}") = "03ValtozokTipusai", "03ValtozokTipusai\03ValtozokTipusai.csproj", "{9EB564B4-F8AB-46D4-8805-537221BE4528}"
EndProject
Project("{FAE04EC0-301F-11D3-BF4B-00C04F79EFBC}") = "04Ciklus", "04Ciklus\04Ciklus.csproj", "{F20C8D14-B3CE-46F2-9BCF-1D55A56F13F2}"
EndProject
Global
	GlobalSection(SolutionConfigurationPlatforms) = preSolution
		Debug|Any CPU = Debug|Any CPU
		Release|Any CPU = Release|Any CPU
	EndGlobalSection
	GlobalSection(ProjectConfigurationPlatforms) = postSolution
		{5732D9F3-B96C-4FFE-AAFE-0296559B4AD7}.Debug|Any CPU.ActiveCfg = Debug|Any CPU
		{5732D9F3-B96C-4FFE-AAFE-0296559B4AD7}.Debug|Any CPU.Build.0 = Debug|Any CPU
		{5732D9F3-B96C-4FFE-AAFE-0296559B4AD7}.Release|Any CPU.ActiveCfg = Release|Any CPU
		{5732D9F3-B96C-4FFE-AAFE-0296559B4AD7}.Release|Any CPU.Build.0 = Release|Any CPU
		{3D29C93F-AE17-4892-B1D7-471FABE47CBB}.Debug|Any CPU.ActiveCfg = Debug|Any CPU
		{3D29C93F-AE17-4892-B1D7-471FABE47CBB}.Debug|Any CPU.Build.0 = Debug|Any CPU
		{3D29C93F-AE17-4892-B1D7-471FABE47CBB}.Release|Any CPU.ActiveCfg = Release|Any CPU
		{3D29C93F-AE17-4892-B1D7-471FABE47CBB}.Release|Any CPU.Build.0 = Release|Any CPU
		{9EB564B4-F8AB-46D4-8805-537221BE4528}.Debug|Any CPU.ActiveCfg = Debug|Any CPU
		{9EB564B4-F8AB-46D4-8805-537221BE4528}.Debug|Any CPU.Build.0 = Debug|Any CPU
		{9EB564B4-F8AB-46D4-8805-537221BE4528}.Release|Any CPU.ActiveCfg = Release|Any CPU
		{9EB564B4-F8AB-46D4-8805-537221BE4528}.Release|Any CPU.Build.0 = Release|Any CPU
		{F20C8D14-B3CE-46F2-9BCF-1D55A56F13F2}.Debug|Any CPU.ActiveCfg = Debug|Any CPU
		{F20C8D14-B3CE-46F2-9BCF-1D55A56F13F2}.Debug|Any CPU.Build.0 = Debug|Any CPU
		{F20C8D14-B3CE-46F2-9BCF-1D55A56F13F2}.Release|Any CPU.ActiveCfg = Release|Any CPU
		{F20C8D14-B3CE-46F2-9BCF-1D55A56F13F2}.Release|Any CPU.Build.0 = Release|Any CPU
	EndGlobalSection
	GlobalSection(SolutionProperties) = preSolution
		HideSolutionNode = FALSE
	EndGlobalSection
EndGlobal
